
Microsoft Visual Studio Solution File, Format Version 12.00
# Visual Studio 2013
VisualStudioVersion = 12.0.31101.0
MinimumVisualStudioVersion = 10.0.40219.1
Project("{FAE04EC0-301F-11D3-BF4B-00C04F79EFBC}") = "CourseManagement", "CourseManagement\CourseManagement.csproj", "{FB822251-5345-4E64-AEA9-7BCFC29BAD29}"
EndProject
Project("{2150E333-8FDC-42A3-9474-1A3956D46DE8}") = "Planning Docs", "Planning Docs", "{7F22205B-0C83-4414-9D4F-8EADB6AC67E5}"
	ProjectSection(SolutionItems) = preProject
		..\docs\CourseMangement.md = ..\docs\CourseMangement.md
		..\docs\CourseMappingContext.md = ..\docs\CourseMappingContext.md
		..\docs\CoursePlanningCalendar.md = ..\docs\CoursePlanningCalendar.md
	EndProjectSection
EndProject
Project("{FAE04EC0-301F-11D3-BF4B-00C04F79EFBC}") = "CourseMapping.Specs", "CourseManagement.Specs\CourseMapping.Specs.csproj", "{B8EBB641-6D16-4C6A-82A5-FD12F1B566E6}"
EndProject
Global
	GlobalSection(SolutionConfigurationPlatforms) = preSolution
		Debug|Any CPU = Debug|Any CPU
		Release|Any CPU = Release|Any CPU
	EndGlobalSection
	GlobalSection(ProjectConfigurationPlatforms) = postSolution
		{FB822251-5345-4E64-AEA9-7BCFC29BAD29}.Debug|Any CPU.ActiveCfg = Debug|Any CPU
		{FB822251-5345-4E64-AEA9-7BCFC29BAD29}.Debug|Any CPU.Build.0 = Debug|Any CPU
		{FB822251-5345-4E64-AEA9-7BCFC29BAD29}.Release|Any CPU.ActiveCfg = Release|Any CPU
		{FB822251-5345-4E64-AEA9-7BCFC29BAD29}.Release|Any CPU.Build.0 = Release|Any CPU
		{B8EBB641-6D16-4C6A-82A5-FD12F1B566E6}.Debug|Any CPU.ActiveCfg = Debug|Any CPU
		{B8EBB641-6D16-4C6A-82A5-FD12F1B566E6}.Debug|Any CPU.Build.0 = Debug|Any CPU
		{B8EBB641-6D16-4C6A-82A5-FD12F1B566E6}.Release|Any CPU.ActiveCfg = Release|Any CPU
		{B8EBB641-6D16-4C6A-82A5-FD12F1B566E6}.Release|Any CPU.Build.0 = Release|Any CPU
	EndGlobalSection
	GlobalSection(SolutionProperties) = preSolution
		HideSolutionNode = FALSE
	EndGlobalSection
EndGlobal
