
Microsoft Visual Studio Solution File, Format Version 12.00
# Visual Studio 2013
VisualStudioVersion = 12.0.40629.0
MinimumVisualStudioVersion = 10.0.40219.1
Project("{FAE04EC0-301F-11D3-BF4B-00C04F79EFBC}") = "CourseMapping", "CourseMapping.Domain\CourseMapping.csproj", "{FB822251-5345-4E64-AEA9-7BCFC29BAD29}"
EndProject
Project("{2150E333-8FDC-42A3-9474-1A3956D46DE8}") = "Planning Docs", "Planning Docs", "{7F22205B-0C83-4414-9D4F-8EADB6AC67E5}"
	ProjectSection(SolutionItems) = preProject
		..\docs\CourseMangement.md = ..\docs\CourseMangement.md
		..\docs\CourseMappingContext.md = ..\docs\CourseMappingContext.md
		..\docs\CoursePlanningCalendar.md = ..\docs\CoursePlanningCalendar.md
	EndProjectSection
EndProject
Project("{FAE04EC0-301F-11D3-BF4B-00C04F79EFBC}") = "CourseMapping.Specs", "CourseMapping.Specs\CourseMapping.Specs.csproj", "{B8EBB641-6D16-4C6A-82A5-FD12F1B566E6}"
EndProject
Project("{E24C65DC-7377-472B-9ABA-BC803B73C61A}") = "Mockups", "http://localhost:57638", "{AC60A9AC-6A3B-4F9E-9E43-F4F72290D7BF}"
	ProjectSection(WebsiteProperties) = preProject
		UseIISExpress = "true"
		TargetFrameworkMoniker = ".NETFramework,Version%3Dv4.0"
		Debug.AspNetCompiler.VirtualPath = "/localhost_57638"
		Debug.AspNetCompiler.PhysicalPath = "..\docs\Mockups\"
		Debug.AspNetCompiler.TargetPath = "PrecompiledWeb\localhost_57638\"
		Debug.AspNetCompiler.Updateable = "true"
		Debug.AspNetCompiler.ForceOverwrite = "true"
		Debug.AspNetCompiler.FixedNames = "false"
		Debug.AspNetCompiler.Debug = "True"
		Release.AspNetCompiler.VirtualPath = "/localhost_57638"
		Release.AspNetCompiler.PhysicalPath = "..\docs\Mockups\"
		Release.AspNetCompiler.TargetPath = "PrecompiledWeb\localhost_57638\"
		Release.AspNetCompiler.Updateable = "true"
		Release.AspNetCompiler.ForceOverwrite = "true"
		Release.AspNetCompiler.FixedNames = "false"
		Release.AspNetCompiler.Debug = "False"
		SlnRelativePath = "..\docs\Mockups\"
	EndProjectSection
EndProject
Project("{2150E333-8FDC-42A3-9474-1A3956D46DE8}") = "Course Mapping Context", "Course Mapping Context", "{346ADE08-F7D4-49BD-9CE8-63BE9C8C39E6}"
EndProject
Project("{2150E333-8FDC-42A3-9474-1A3956D46DE8}") = "Course Planning Calendar Context", "Course Planning Calendar Context", "{450610DC-CD9D-4EB3-9C01-0565B1EBA88D}"
EndProject
Project("{FAE04EC0-301F-11D3-BF4B-00C04F79EFBC}") = "I-Teach.CoursePlanningCalendar", "I-Teach.CoursePlanningCalendar\I-Teach.CoursePlanningCalendar.csproj", "{A3F60323-8DC9-4A53-975A-7B7F3A5F46E0}"
EndProject
Project("{FAE04EC0-301F-11D3-BF4B-00C04F79EFBC}") = "I-Teach.CoursePlanningCalendar.Specs", "I-Teach.CoursePlanningCalendar.Specs\I-Teach.CoursePlanningCalendar.Specs.csproj", "{554B8D6E-4104-4E50-939A-8E9648BCBA56}"
EndProject
Project("{FAE04EC0-301F-11D3-BF4B-00C04F79EFBC}") = "I-Teach", "I-Teach\I-Teach.csproj", "{C0216C29-422C-4096-B9D1-5022FB778844}"
EndProject
Project("{2150E333-8FDC-42A3-9474-1A3956D46DE8}") = "(Common)", "(Common)", "{E32C7EAE-839B-439B-AB67-249203AEC86C}"
EndProject
Project("{FAE04EC0-301F-11D3-BF4B-00C04F79EFBC}") = "CommonUtilities", "CommonUtilities\CommonUtilities.csproj", "{5776AB50-7E95-45B3-A7B8-6AD23ECD0E5D}"
EndProject
Project("{FAE04EC0-301F-11D3-BF4B-00C04F79EFBC}") = "I-Teach.CoursePlanningCalendar.Web", "I-Teach.CoursePlanningCalendar.Web\I-Teach.CoursePlanningCalendar.Web.csproj", "{0F65A2E9-3512-488C-A3CE-46ACA544B5EB}"
EndProject
Global
	GlobalSection(SolutionConfigurationPlatforms) = preSolution
		Debug|Any CPU = Debug|Any CPU
		Release|Any CPU = Release|Any CPU
	EndGlobalSection
	GlobalSection(ProjectConfigurationPlatforms) = postSolution
		{FB822251-5345-4E64-AEA9-7BCFC29BAD29}.Debug|Any CPU.ActiveCfg = Debug|Any CPU
		{FB822251-5345-4E64-AEA9-7BCFC29BAD29}.Debug|Any CPU.Build.0 = Debug|Any CPU
		{FB822251-5345-4E64-AEA9-7BCFC29BAD29}.Release|Any CPU.ActiveCfg = Release|Any CPU
		{FB822251-5345-4E64-AEA9-7BCFC29BAD29}.Release|Any CPU.Build.0 = Release|Any CPU
		{B8EBB641-6D16-4C6A-82A5-FD12F1B566E6}.Debug|Any CPU.ActiveCfg = Debug|Any CPU
		{B8EBB641-6D16-4C6A-82A5-FD12F1B566E6}.Debug|Any CPU.Build.0 = Debug|Any CPU
		{B8EBB641-6D16-4C6A-82A5-FD12F1B566E6}.Release|Any CPU.ActiveCfg = Release|Any CPU
		{B8EBB641-6D16-4C6A-82A5-FD12F1B566E6}.Release|Any CPU.Build.0 = Release|Any CPU
		{AC60A9AC-6A3B-4F9E-9E43-F4F72290D7BF}.Debug|Any CPU.ActiveCfg = Debug|Any CPU
		{AC60A9AC-6A3B-4F9E-9E43-F4F72290D7BF}.Debug|Any CPU.Build.0 = Debug|Any CPU
		{AC60A9AC-6A3B-4F9E-9E43-F4F72290D7BF}.Release|Any CPU.ActiveCfg = Debug|Any CPU
		{AC60A9AC-6A3B-4F9E-9E43-F4F72290D7BF}.Release|Any CPU.Build.0 = Debug|Any CPU
		{A3F60323-8DC9-4A53-975A-7B7F3A5F46E0}.Debug|Any CPU.ActiveCfg = Debug|Any CPU
		{A3F60323-8DC9-4A53-975A-7B7F3A5F46E0}.Debug|Any CPU.Build.0 = Debug|Any CPU
		{A3F60323-8DC9-4A53-975A-7B7F3A5F46E0}.Release|Any CPU.ActiveCfg = Release|Any CPU
		{A3F60323-8DC9-4A53-975A-7B7F3A5F46E0}.Release|Any CPU.Build.0 = Release|Any CPU
		{554B8D6E-4104-4E50-939A-8E9648BCBA56}.Debug|Any CPU.ActiveCfg = Debug|Any CPU
		{554B8D6E-4104-4E50-939A-8E9648BCBA56}.Debug|Any CPU.Build.0 = Debug|Any CPU
		{554B8D6E-4104-4E50-939A-8E9648BCBA56}.Release|Any CPU.ActiveCfg = Release|Any CPU
		{554B8D6E-4104-4E50-939A-8E9648BCBA56}.Release|Any CPU.Build.0 = Release|Any CPU
		{C0216C29-422C-4096-B9D1-5022FB778844}.Debug|Any CPU.ActiveCfg = Debug|Any CPU
		{C0216C29-422C-4096-B9D1-5022FB778844}.Debug|Any CPU.Build.0 = Debug|Any CPU
		{C0216C29-422C-4096-B9D1-5022FB778844}.Release|Any CPU.ActiveCfg = Release|Any CPU
		{C0216C29-422C-4096-B9D1-5022FB778844}.Release|Any CPU.Build.0 = Release|Any CPU
		{5776AB50-7E95-45B3-A7B8-6AD23ECD0E5D}.Debug|Any CPU.ActiveCfg = Debug|Any CPU
		{5776AB50-7E95-45B3-A7B8-6AD23ECD0E5D}.Debug|Any CPU.Build.0 = Debug|Any CPU
		{5776AB50-7E95-45B3-A7B8-6AD23ECD0E5D}.Release|Any CPU.ActiveCfg = Release|Any CPU
		{5776AB50-7E95-45B3-A7B8-6AD23ECD0E5D}.Release|Any CPU.Build.0 = Release|Any CPU
		{0F65A2E9-3512-488C-A3CE-46ACA544B5EB}.Debug|Any CPU.ActiveCfg = Debug|Any CPU
		{0F65A2E9-3512-488C-A3CE-46ACA544B5EB}.Debug|Any CPU.Build.0 = Debug|Any CPU
		{0F65A2E9-3512-488C-A3CE-46ACA544B5EB}.Release|Any CPU.ActiveCfg = Release|Any CPU
		{0F65A2E9-3512-488C-A3CE-46ACA544B5EB}.Release|Any CPU.Build.0 = Release|Any CPU
	EndGlobalSection
	GlobalSection(SolutionProperties) = preSolution
		HideSolutionNode = FALSE
	EndGlobalSection
	GlobalSection(NestedProjects) = preSolution
		{FB822251-5345-4E64-AEA9-7BCFC29BAD29} = {346ADE08-F7D4-49BD-9CE8-63BE9C8C39E6}
		{B8EBB641-6D16-4C6A-82A5-FD12F1B566E6} = {346ADE08-F7D4-49BD-9CE8-63BE9C8C39E6}
		{AC60A9AC-6A3B-4F9E-9E43-F4F72290D7BF} = {7F22205B-0C83-4414-9D4F-8EADB6AC67E5}
		{A3F60323-8DC9-4A53-975A-7B7F3A5F46E0} = {450610DC-CD9D-4EB3-9C01-0565B1EBA88D}
		{554B8D6E-4104-4E50-939A-8E9648BCBA56} = {450610DC-CD9D-4EB3-9C01-0565B1EBA88D}
		{5776AB50-7E95-45B3-A7B8-6AD23ECD0E5D} = {E32C7EAE-839B-439B-AB67-249203AEC86C}
		{0F65A2E9-3512-488C-A3CE-46ACA544B5EB} = {450610DC-CD9D-4EB3-9C01-0565B1EBA88D}
	EndGlobalSection
EndGlobal
